// !$*UTF8*$!
{
	archiveVersion = 1;
	classes = {
	};
	objectVersion = 50;
	objects = {

/* Begin PBXBuildFile section */
		4747AAC92396340500FD450C /* AppDelegate.swift in Sources */ = {isa = PBXBuildFile; fileRef = 4747AAC82396340500FD450C /* AppDelegate.swift */; };
		4747AACB2396340500FD450C /* SceneDelegate.swift in Sources */ = {isa = PBXBuildFile; fileRef = 4747AACA2396340500FD450C /* SceneDelegate.swift */; };
		4747AACE2396340500FD450C /* HW_4.xcdatamodeld in Sources */ = {isa = PBXBuildFile; fileRef = 4747AACC2396340500FD450C /* HW_4.xcdatamodeld */; };
		4747AAD02396340500FD450C /* ContentView.swift in Sources */ = {isa = PBXBuildFile; fileRef = 4747AACF2396340500FD450C /* ContentView.swift */; };
		4747AAD22396340900FD450C /* Assets.xcassets in Resources */ = {isa = PBXBuildFile; fileRef = 4747AAD12396340900FD450C /* Assets.xcassets */; };
		4747AAD52396340900FD450C /* Preview Assets.xcassets in Resources */ = {isa = PBXBuildFile; fileRef = 4747AAD42396340900FD450C /* Preview Assets.xcassets */; };
		4747AAD82396340900FD450C /* LaunchScreen.storyboard in Resources */ = {isa = PBXBuildFile; fileRef = 4747AAD62396340900FD450C /* LaunchScreen.storyboard */; };
		4747AAE0239634EE00FD450C /* Expense.swift in Sources */ = {isa = PBXBuildFile; fileRef = 4747AADF239634EE00FD450C /* Expense.swift */; };
		4747AAE42396365300FD450C /* Expense_data.swift in Sources */ = {isa = PBXBuildFile; fileRef = 4747AAE32396365300FD450C /* Expense_data.swift */; };
		4747AAE82396378300FD450C /* Expense_list.swift in Sources */ = {isa = PBXBuildFile; fileRef = 4747AAE72396378300FD450C /* Expense_list.swift */; };
		4747AAEC239638DA00FD450C /* Expense_row.swift in Sources */ = {isa = PBXBuildFile; fileRef = 4747AAEB239638DA00FD450C /* Expense_row.swift */; };
		4747AAEE23963BFF00FD450C /* Expense_editor.swift in Sources */ = {isa = PBXBuildFile; fileRef = 4747AAED23963BFF00FD450C /* Expense_editor.swift */; };
/* End PBXBuildFile section */

/* Begin PBXFileReference section */
		4747AAC52396340500FD450C /* HW_4.app */ = {isa = PBXFileReference; explicitFileType = wrapper.application; includeInIndex = 0; path = HW_4.app; sourceTree = BUILT_PRODUCTS_DIR; };
		4747AAC82396340500FD450C /* AppDelegate.swift */ = {isa = PBXFileReference; lastKnownFileType = sourcecode.swift; path = AppDelegate.swift; sourceTree = "<group>"; };
		4747AACA2396340500FD450C /* SceneDelegate.swift */ = {isa = PBXFileReference; lastKnownFileType = sourcecode.swift; path = SceneDelegate.swift; sourceTree = "<group>"; };
		4747AACD2396340500FD450C /* HW_4.xcdatamodel */ = {isa = PBXFileReference; lastKnownFileType = wrapper.xcdatamodel; path = HW_4.xcdatamodel; sourceTree = "<group>"; };
		4747AACF2396340500FD450C /* ContentView.swift */ = {isa = PBXFileReference; lastKnownFileType = sourcecode.swift; path = ContentView.swift; sourceTree = "<group>"; };
		4747AAD12396340900FD450C /* Assets.xcassets */ = {isa = PBXFileReference; lastKnownFileType = folder.assetcatalog; path = Assets.xcassets; sourceTree = "<group>"; };
		4747AAD42396340900FD450C /* Preview Assets.xcassets */ = {isa = PBXFileReference; lastKnownFileType = folder.assetcatalog; path = "Preview Assets.xcassets"; sourceTree = "<group>"; };
		4747AAD72396340900FD450C /* Base */ = {isa = PBXFileReference; lastKnownFileType = file.storyboard; name = Base; path = Base.lproj/LaunchScreen.storyboard; sourceTree = "<group>"; };
		4747AAD92396340900FD450C /* Info.plist */ = {isa = PBXFileReference; lastKnownFileType = text.plist.xml; path = Info.plist; sourceTree = "<group>"; };
		4747AADF239634EE00FD450C /* Expense.swift */ = {isa = PBXFileReference; lastKnownFileType = sourcecode.swift; path = Expense.swift; sourceTree = "<group>"; };
		4747AAE32396365300FD450C /* Expense_data.swift */ = {isa = PBXFileReference; lastKnownFileType = sourcecode.swift; path = Expense_data.swift; sourceTree = "<group>"; };
		4747AAE72396378300FD450C /* Expense_list.swift */ = {isa = PBXFileReference; lastKnownFileType = sourcecode.swift; path = Expense_list.swift; sourceTree = "<group>"; };
		4747AAEB239638DA00FD450C /* Expense_row.swift */ = {isa = PBXFileReference; lastKnownFileType = sourcecode.swift; path = Expense_row.swift; sourceTree = "<group>"; };
		4747AAED23963BFF00FD450C /* Expense_editor.swift */ = {isa = PBXFileReference; lastKnownFileType = sourcecode.swift; path = Expense_editor.swift; sourceTree = "<group>"; };
/* End PBXFileReference section */

/* Begin PBXFrameworksBuildPhase section */
		4747AAC22396340500FD450C /* Frameworks */ = {
			isa = PBXFrameworksBuildPhase;
			buildActionMask = 2147483647;
			files = (
			);
			runOnlyForDeploymentPostprocessing = 0;
		};
/* End PBXFrameworksBuildPhase section */

/* Begin PBXGroup section */
		4747AABC2396340500FD450C = {
			isa = PBXGroup;
			children = (
				4747AAC72396340500FD450C /* HW_4 */,
				4747AAC62396340500FD450C /* Products */,
			);
			sourceTree = "<group>";
		};
		4747AAC62396340500FD450C /* Products */ = {
			isa = PBXGroup;
			children = (
				4747AAC52396340500FD450C /* HW_4.app */,
			);
			name = Products;
			sourceTree = "<group>";
		};
		4747AAC72396340500FD450C /* HW_4 */ = {
			isa = PBXGroup;
			children = (
				4747AAC82396340500FD450C /* AppDelegate.swift */,
				4747AACA2396340500FD450C /* SceneDelegate.swift */,
				4747AACF2396340500FD450C /* ContentView.swift */,
				4747AAD12396340900FD450C /* Assets.xcassets */,
				4747AAD62396340900FD450C /* LaunchScreen.storyboard */,
				4747AAD92396340900FD450C /* Info.plist */,
				4747AACC2396340500FD450C /* HW_4.xcdatamodeld */,
				4747AAD32396340900FD450C /* Preview Content */,
				4747AADF239634EE00FD450C /* Expense.swift */,
				4747AAE32396365300FD450C /* Expense_data.swift */,
				4747AAEB239638DA00FD450C /* Expense_row.swift */,
				4747AAE72396378300FD450C /* Expense_list.swift */,
				4747AAED23963BFF00FD450C /* Expense_editor.swift */,
			);
			path = HW_4;
			sourceTree = "<group>";
		};
		4747AAD32396340900FD450C /* Preview Content */ = {
			isa = PBXGroup;
			children = (
				4747AAD42396340900FD450C /* Preview Assets.xcassets */,
			);
			path = "Preview Content";
			sourceTree = "<group>";
		};
/* End PBXGroup section */

/* Begin PBXNativeTarget section */
		4747AAC42396340500FD450C /* HW_4 */ = {
			isa = PBXNativeTarget;
			buildConfigurationList = 4747AADC2396340900FD450C /* Build configuration list for PBXNativeTarget "HW_4" */;
			buildPhases = (
				4747AAC12396340500FD450C /* Sources */,
				4747AAC22396340500FD450C /* Frameworks */,
				4747AAC32396340500FD450C /* Resources */,
			);
			buildRules = (
			);
			dependencies = (
			);
			name = HW_4;
			productName = HW_4;
			productReference = 4747AAC52396340500FD450C /* HW_4.app */;
			productType = "com.apple.product-type.application";
		};
/* End PBXNativeTarget section */

/* Begin PBXProject section */
		4747AABD2396340500FD450C /* Project object */ = {
			isa = PBXProject;
			attributes = {
				LastSwiftUpdateCheck = 1110;
				LastUpgradeCheck = 1110;
				ORGANIZATIONNAME = NTOU;
				TargetAttributes = {
					4747AAC42396340500FD450C = {
						CreatedOnToolsVersion = 11.1;
					};
				};
			};
			buildConfigurationList = 4747AAC02396340500FD450C /* Build configuration list for PBXProject "HW_4" */;
			compatibilityVersion = "Xcode 9.3";
			developmentRegion = en;
			hasScannedForEncodings = 0;
			knownRegions = (
				en,
				Base,
			);
			mainGroup = 4747AABC2396340500FD450C;
			productRefGroup = 4747AAC62396340500FD450C /* Products */;
			projectDirPath = "";
			projectRoot = "";
			targets = (
				4747AAC42396340500FD450C /* HW_4 */,
			);
		};
/* End PBXProject section */

/* Begin PBXResourcesBuildPhase section */
		4747AAC32396340500FD450C /* Resources */ = {
			isa = PBXResourcesBuildPhase;
			buildActionMask = 2147483647;
			files = (
				4747AAD82396340900FD450C /* LaunchScreen.storyboard in Resources */,
				4747AAD52396340900FD450C /* Preview Assets.xcassets in Resources */,
				4747AAD22396340900FD450C /* Assets.xcassets in Resources */,
			);
			runOnlyForDeploymentPostprocessing = 0;
		};
/* End PBXResourcesBuildPhase section */

/* Begin PBXSourcesBuildPhase section */
		4747AAC12396340500FD450C /* Sources */ = {
			isa = PBXSourcesBuildPhase;
			buildActionMask = 2147483647;
			files = (
				4747AAE0239634EE00FD450C /* Expense.swift in Sources */,
				4747AAC92396340500FD450C /* AppDelegate.swift in Sources */,
				4747AACB2396340500FD450C /* SceneDelegate.swift in Sources */,
				4747AAEE23963BFF00FD450C /* Expense_editor.swift in Sources */,
				4747AAEC239638DA00FD450C /* Expense_row.swift in Sources */,
				4747AAD02396340500FD450C /* ContentView.swift in Sources */,
				4747AACE2396340500FD450C /* HW_4.xcdatamodeld in Sources */,
				4747AAE42396365300FD450C /* Expense_data.swift in Sources */,
				4747AAE82396378300FD450C /* Expense_list.swift in Sources */,
			);
			runOnlyForDeploymentPostprocessing = 0;
		};
/* End PBXSourcesBuildPhase section */

/* Begin PBXVariantGroup section */
		4747AAD62396340900FD450C /* LaunchScreen.storyboard */ = {
			isa = PBXVariantGroup;
			children = (
				4747AAD72396340900FD450C /* Base */,
			);
			name = LaunchScreen.storyboard;
			sourceTree = "<group>";
		};
/* End PBXVariantGroup section */

/* Begin XCBuildConfiguration section */
		4747AADA2396340900FD450C /* Debug */ = {
			isa = XCBuildConfiguration;
			buildSettings = {
				ALWAYS_SEARCH_USER_PATHS = NO;
				CLANG_ANALYZER_NONNULL = YES;
				CLANG_ANALYZER_NUMBER_OBJECT_CONVERSION = YES_AGGRESSIVE;
				CLANG_CXX_LANGUAGE_STANDARD = "gnu++14";
				CLANG_CXX_LIBRARY = "libc++";
				CLANG_ENABLE_MODULES = YES;
				CLANG_ENABLE_OBJC_ARC = YES;
				CLANG_ENABLE_OBJC_WEAK = YES;
				CLANG_WARN_BLOCK_CAPTURE_AUTORELEASING = YES;
				CLANG_WARN_BOOL_CONVERSION = YES;
				CLANG_WARN_COMMA = YES;
				CLANG_WARN_CONSTANT_CONVERSION = YES;
				CLANG_WARN_DEPRECATED_OBJC_IMPLEMENTATIONS = YES;
				CLANG_WARN_DIRECT_OBJC_ISA_USAGE = YES_ERROR;
				CLANG_WARN_DOCUMENTATION_COMMENTS = YES;
				CLANG_WARN_EMPTY_BODY = YES;
				CLANG_WARN_ENUM_CONVERSION = YES;
				CLANG_WARN_INFINITE_RECURSION = YES;
				CLANG_WARN_INT_CONVERSION = YES;
				CLANG_WARN_NON_LITERAL_NULL_CONVERSION = YES;
				CLANG_WARN_OBJC_IMPLICIT_RETAIN_SELF = YES;
				CLANG_WARN_OBJC_LITERAL_CONVERSION = YES;
				CLANG_WARN_OBJC_ROOT_CLASS = YES_ERROR;
				CLANG_WARN_RANGE_LOOP_ANALYSIS = YES;
				CLANG_WARN_STRICT_PROTOTYPES = YES;
				CLANG_WARN_SUSPICIOUS_MOVE = YES;
				CLANG_WARN_UNGUARDED_AVAILABILITY = YES_AGGRESSIVE;
				CLANG_WARN_UNREACHABLE_CODE = YES;
				CLANG_WARN__DUPLICATE_METHOD_MATCH = YES;
				COPY_PHASE_STRIP = NO;
				DEBUG_INFORMATION_FORMAT = dwarf;
				ENABLE_STRICT_OBJC_MSGSEND = YES;
				ENABLE_TESTABILITY = YES;
				GCC_C_LANGUAGE_STANDARD = gnu11;
				GCC_DYNAMIC_NO_PIC = NO;
				GCC_NO_COMMON_BLOCKS = YES;
				GCC_OPTIMIZATION_LEVEL = 0;
				GCC_PREPROCESSOR_DEFINITIONS = (
					"DEBUG=1",
					"$(inherited)",
				);
				GCC_WARN_64_TO_32_BIT_CONVERSION = YES;
				GCC_WARN_ABOUT_RETURN_TYPE = YES_ERROR;
				GCC_WARN_UNDECLARED_SELECTOR = YES;
				GCC_WARN_UNINITIALIZED_AUTOS = YES_AGGRESSIVE;
				GCC_WARN_UNUSED_FUNCTION = YES;
				GCC_WARN_UNUSED_VARIABLE = YES;
				IPHONEOS_DEPLOYMENT_TARGET = 13.1;
				MTL_ENABLE_DEBUG_INFO = INCLUDE_SOURCE;
				MTL_FAST_MATH = YES;
				ONLY_ACTIVE_ARCH = YES;
				SDKROOT = iphoneos;
				SWIFT_ACTIVE_COMPILATION_CONDITIONS = DEBUG;
				SWIFT_OPTIMIZATION_LEVEL = "-Onone";
			};
			name = Debug;
		};
		4747AADB2396340900FD450C /* Release */ = {
			isa = XCBuildConfiguration;
			buildSettings = {
				ALWAYS_SEARCH_USER_PATHS = NO;
				CLANG_ANALYZER_NONNULL = YES;
				CLANG_ANALYZER_NUMBER_OBJECT_CONVERSION = YES_AGGRESSIVE;
				CLANG_CXX_LANGUAGE_STANDARD = "gnu++14";
				CLANG_CXX_LIBRARY = "libc++";
				CLANG_ENABLE_MODULES = YES;
				CLANG_ENABLE_OBJC_ARC = YES;
				CLANG_ENABLE_OBJC_WEAK = YES;
				CLANG_WARN_BLOCK_CAPTURE_AUTORELEASING = YES;
				CLANG_WARN_BOOL_CONVERSION = YES;
				CLANG_WARN_COMMA = YES;
				CLANG_WARN_CONSTANT_CONVERSION = YES;
				CLANG_WARN_DEPRECATED_OBJC_IMPLEMENTATIONS = YES;
				CLANG_WARN_DIRECT_OBJC_ISA_USAGE = YES_ERROR;
				CLANG_WARN_DOCUMENTATION_COMMENTS = YES;
				CLANG_WARN_EMPTY_BODY = YES;
				CLANG_WARN_ENUM_CONVERSION = YES;
				CLANG_WARN_INFINITE_RECURSION = YES;
				CLANG_WARN_INT_CONVERSION = YES;
				CLANG_WARN_NON_LITERAL_NULL_CONVERSION = YES;
				CLANG_WARN_OBJC_IMPLICIT_RETAIN_SELF = YES;
				CLANG_WARN_OBJC_LITERAL_CONVERSION = YES;
				CLANG_WARN_OBJC_ROOT_CLASS = YES_ERROR;
				CLANG_WARN_RANGE_LOOP_ANALYSIS = YES;
				CLANG_WARN_STRICT_PROTOTYPES = YES;
				CLANG_WARN_SUSPICIOUS_MOVE = YES;
				CLANG_WARN_UNGUARDED_AVAILABILITY = YES_AGGRESSIVE;
				CLANG_WARN_UNREACHABLE_CODE = YES;
				CLANG_WARN__DUPLICATE_METHOD_MATCH = YES;
				COPY_PHASE_STRIP = NO;
				DEBUG_INFORMATION_FORMAT = "dwarf-with-dsym";
				ENABLE_NS_ASSERTIONS = NO;
				ENABLE_STRICT_OBJC_MSGSEND = YES;
				GCC_C_LANGUAGE_STANDARD = gnu11;
				GCC_NO_COMMON_BLOCKS = YES;
				GCC_WARN_64_TO_32_BIT_CONVERSION = YES;
				GCC_WARN_ABOUT_RETURN_TYPE = YES_ERROR;
				GCC_WARN_UNDECLARED_SELECTOR = YES;
				GCC_WARN_UNINITIALIZED_AUTOS = YES_AGGRESSIVE;
				GCC_WARN_UNUSED_FUNCTION = YES;
				GCC_WARN_UNUSED_VARIABLE = YES;
				IPHONEOS_DEPLOYMENT_TARGET = 13.1;
				MTL_ENABLE_DEBUG_INFO = NO;
				MTL_FAST_MATH = YES;
				SDKROOT = iphoneos;
				SWIFT_COMPILATION_MODE = wholemodule;
				SWIFT_OPTIMIZATION_LEVEL = "-O";
				VALIDATE_PRODUCT = YES;
			};
			name = Release;
		};
		4747AADD2396340900FD450C /* Debug */ = {
			isa = XCBuildConfiguration;
			buildSettings = {
				ASSETCATALOG_COMPILER_APPICON_NAME = AppIcon;
				CODE_SIGN_STYLE = Automatic;
				DEVELOPMENT_ASSET_PATHS = "\"HW_4/Preview Content\"";
				ENABLE_PREVIEWS = YES;
				INFOPLIST_FILE = HW_4/Info.plist;
				LD_RUNPATH_SEARCH_PATHS = (
					"$(inherited)",
					"@executable_path/Frameworks",
				);
				PRODUCT_BUNDLE_IDENTIFIER = "NTOU.HW-4";
				PRODUCT_NAME = "$(TARGET_NAME)";
				SWIFT_VERSION = 5.0;
				TARGETED_DEVICE_FAMILY = "1,2";
			};
			name = Debug;
		};
		4747AADE2396340900FD450C /* Release */ = {
			isa = XCBuildConfiguration;
			buildSettings = {
				ASSETCATALOG_COMPILER_APPICON_NAME = AppIcon;
				CODE_SIGN_STYLE = Automatic;
				DEVELOPMENT_ASSET_PATHS = "\"HW_4/Preview Content\"";
				ENABLE_PREVIEWS = YES;
				INFOPLIST_FILE = HW_4/Info.plist;
				LD_RUNPATH_SEARCH_PATHS = (
					"$(inherited)",
					"@executable_path/Frameworks",
				);
				PRODUCT_BUNDLE_IDENTIFIER = "NTOU.HW-4";
				PRODUCT_NAME = "$(TARGET_NAME)";
				SWIFT_VERSION = 5.0;
				TARGETED_DEVICE_FAMILY = "1,2";
			};
			name = Release;
		};
/* End XCBuildConfiguration section */

/* Begin XCConfigurationList section */
		4747AAC02396340500FD450C /* Build configuration list for PBXProject "HW_4" */ = {
			isa = XCConfigurationList;
			buildConfigurations = (
				4747AADA2396340900FD450C /* Debug */,
				4747AADB2396340900FD450C /* Release */,
			);
			defaultConfigurationIsVisible = 0;
			defaultConfigurationName = Release;
		};
		4747AADC2396340900FD450C /* Build configuration list for PBXNativeTarget "HW_4" */ = {
			isa = XCConfigurationList;
			buildConfigurations = (
				4747AADD2396340900FD450C /* Debug */,
				4747AADE2396340900FD450C /* Release */,
			);
			defaultConfigurationIsVisible = 0;
			defaultConfigurationName = Release;
		};
/* End XCConfigurationList section */

/* Begin XCVersionGroup section */
		4747AACC2396340500FD450C /* HW_4.xcdatamodeld */ = {
			isa = XCVersionGroup;
			children = (
				4747AACD2396340500FD450C /* HW_4.xcdatamodel */,
			);
			currentVersion = 4747AACD2396340500FD450C /* HW_4.xcdatamodel */;
			path = HW_4.xcdatamodeld;
			sourceTree = "<group>";
			versionGroupType = wrapper.xcdatamodel;
		};
/* End XCVersionGroup section */
	};
	rootObject = 4747AABD2396340500FD450C /* Project object */;
}
